
Microsoft Visual Studio Solution File, Format Version 12.00
# Visual Studio Version 16
VisualStudioVersion = 16.0.29009.5
MinimumVisualStudioVersion = 10.0.40219.1
Project("{FAE04EC0-301F-11D3-BF4B-00C04F79EFBC}") = "dotnetchecker", "dotnetchecker\dotnetchecker.csproj", "{66469AB9-CBF2-4E87-B5F1-1F22736F346B}"
EndProject
Global
	GlobalSection(SolutionConfigurationPlatforms) = preSolution
		Debug|Any CPU = Debug|Any CPU
		Release|Any CPU = Release|Any CPU
	EndGlobalSection
	GlobalSection(ProjectConfigurationPlatforms) = postSolution
		{66469AB9-CBF2-4E87-B5F1-1F22736F346B}.Debug|Any CPU.ActiveCfg = Debug|Any CPU
		{66469AB9-CBF2-4E87-B5F1-1F22736F346B}.Debug|Any CPU.Build.0 = Debug|Any CPU
		{66469AB9-CBF2-4E87-B5F1-1F22736F346B}.Release|Any CPU.ActiveCfg = Release|Any CPU
		{66469AB9-CBF2-4E87-B5F1-1F22736F346B}.Release|Any CPU.Build.0 = Release|Any CPU
	EndGlobalSection
	GlobalSection(SolutionProperties) = preSolution
		HideSolutionNode = FALSE
	EndGlobalSection
	GlobalSection(ExtensibilityGlobals) = postSolution
		SolutionGuid = {5ACAFA69-593B-46E0-A19E-DA44A32E548E}
	EndGlobalSection
EndGlobal
